
Microsoft Visual Studio Solution File, Format Version 11.00
# Visual Studio 2010
Project("{FAE04EC0-301F-11D3-BF4B-00C04F79EFBC}") = "KataFizzBuzz", "KataFizzBuzz\KataFizzBuzz.csproj", "{DCE14B9C-3661-4D8F-8D9D-A35D2328B104}"
EndProject
Project("{FAE04EC0-301F-11D3-BF4B-00C04F79EFBC}") = "Tests", "Tests\Tests.csproj", "{84177E05-23DC-4BA4-9706-8BC450156889}"
EndProject
Global
	GlobalSection(SolutionConfigurationPlatforms) = preSolution
		Debug|Any CPU = Debug|Any CPU
		Release|Any CPU = Release|Any CPU
	EndGlobalSection
	GlobalSection(ProjectConfigurationPlatforms) = postSolution
		{DCE14B9C-3661-4D8F-8D9D-A35D2328B104}.Debug|Any CPU.ActiveCfg = Debug|Any CPU
		{DCE14B9C-3661-4D8F-8D9D-A35D2328B104}.Debug|Any CPU.Build.0 = Debug|Any CPU
		{DCE14B9C-3661-4D8F-8D9D-A35D2328B104}.Release|Any CPU.ActiveCfg = Release|Any CPU
		{DCE14B9C-3661-4D8F-8D9D-A35D2328B104}.Release|Any CPU.Build.0 = Release|Any CPU
		{84177E05-23DC-4BA4-9706-8BC450156889}.Debug|Any CPU.ActiveCfg = Debug|Any CPU
		{84177E05-23DC-4BA4-9706-8BC450156889}.Debug|Any CPU.Build.0 = Debug|Any CPU
		{84177E05-23DC-4BA4-9706-8BC450156889}.Release|Any CPU.ActiveCfg = Release|Any CPU
		{84177E05-23DC-4BA4-9706-8BC450156889}.Release|Any CPU.Build.0 = Release|Any CPU
	EndGlobalSection
	GlobalSection(SolutionProperties) = preSolution
		HideSolutionNode = FALSE
	EndGlobalSection
EndGlobal
